// !$*UTF8*$!
{
	archiveVersion = 1;
	classes = {
	};
	objectVersion = 46;
	objects = {

/* Begin PBXBuildFile section */
		1F9D74A61F366B5B002F5ABD /* AppDelegate.swift in Sources */ = {isa = PBXBuildFile; fileRef = 1F9D74A51F366B5B002F5ABD /* AppDelegate.swift */; };
		1F9D74A81F366B5B002F5ABD /* WelcomeVC.swift in Sources */ = {isa = PBXBuildFile; fileRef = 1F9D74A71F366B5B002F5ABD /* WelcomeVC.swift */; };
		1F9D74AB1F366B5B002F5ABD /* Main.storyboard in Resources */ = {isa = PBXBuildFile; fileRef = 1F9D74A91F366B5B002F5ABD /* Main.storyboard */; };
		1F9D74AD1F366B5B002F5ABD /* Assets.xcassets in Resources */ = {isa = PBXBuildFile; fileRef = 1F9D74AC1F366B5B002F5ABD /* Assets.xcassets */; };
		1F9D74B01F366B5B002F5ABD /* LaunchScreen.storyboard in Resources */ = {isa = PBXBuildFile; fileRef = 1F9D74AE1F366B5B002F5ABD /* LaunchScreen.storyboard */; };
		1F9D74B91F366EDF002F5ABD /* BorderButton.swift in Sources */ = {isa = PBXBuildFile; fileRef = 1F9D74B81F366EDF002F5ABD /* BorderButton.swift */; };
		1F9D74BD1F3A4D71002F5ABD /* LeagueVC.swift in Sources */ = {isa = PBXBuildFile; fileRef = 1F9D74BC1F3A4D71002F5ABD /* LeagueVC.swift */; };
		1F9D74BF1F3A4D84002F5ABD /* SkillVC.swift in Sources */ = {isa = PBXBuildFile; fileRef = 1F9D74BE1F3A4D84002F5ABD /* SkillVC.swift */; };
/* End PBXBuildFile section */

/* Begin PBXFileReference section */
		1F9D74A21F366B5B002F5ABD /* app-swoosh.app */ = {isa = PBXFileReference; explicitFileType = wrapper.application; includeInIndex = 0; path = "app-swoosh.app"; sourceTree = BUILT_PRODUCTS_DIR; };
		1F9D74A51F366B5B002F5ABD /* AppDelegate.swift */ = {isa = PBXFileReference; lastKnownFileType = sourcecode.swift; path = AppDelegate.swift; sourceTree = "<group>"; };
		1F9D74A71F366B5B002F5ABD /* WelcomeVC.swift */ = {isa = PBXFileReference; lastKnownFileType = sourcecode.swift; path = WelcomeVC.swift; sourceTree = "<group>"; };
		1F9D74AA1F366B5B002F5ABD /* Base */ = {isa = PBXFileReference; lastKnownFileType = file.storyboard; name = Base; path = Base.lproj/Main.storyboard; sourceTree = "<group>"; };
		1F9D74AC1F366B5B002F5ABD /* Assets.xcassets */ = {isa = PBXFileReference; lastKnownFileType = folder.assetcatalog; path = Assets.xcassets; sourceTree = "<group>"; };
		1F9D74AF1F366B5B002F5ABD /* Base */ = {isa = PBXFileReference; lastKnownFileType = file.storyboard; name = Base; path = Base.lproj/LaunchScreen.storyboard; sourceTree = "<group>"; };
		1F9D74B11F366B5B002F5ABD /* Info.plist */ = {isa = PBXFileReference; lastKnownFileType = text.plist.xml; path = Info.plist; sourceTree = "<group>"; };
		1F9D74B81F366EDF002F5ABD /* BorderButton.swift */ = {isa = PBXFileReference; fileEncoding = 4; lastKnownFileType = sourcecode.swift; path = BorderButton.swift; sourceTree = "<group>"; };
		1F9D74BC1F3A4D71002F5ABD /* LeagueVC.swift */ = {isa = PBXFileReference; fileEncoding = 4; lastKnownFileType = sourcecode.swift; path = LeagueVC.swift; sourceTree = "<group>"; };
		1F9D74BE1F3A4D84002F5ABD /* SkillVC.swift */ = {isa = PBXFileReference; fileEncoding = 4; lastKnownFileType = sourcecode.swift; path = SkillVC.swift; sourceTree = "<group>"; };
/* End PBXFileReference section */

/* Begin PBXFrameworksBuildPhase section */
		1F9D749F1F366B5B002F5ABD /* Frameworks */ = {
			isa = PBXFrameworksBuildPhase;
			buildActionMask = 2147483647;
			files = (
			);
			runOnlyForDeploymentPostprocessing = 0;
		};
/* End PBXFrameworksBuildPhase section */

/* Begin PBXGroup section */
		1F9D74991F366B5A002F5ABD = {
			isa = PBXGroup;
			children = (
				1F9D74A41F366B5B002F5ABD /* app-swoosh */,
				1F9D74A31F366B5B002F5ABD /* Products */,
			);
			sourceTree = "<group>";
		};
		1F9D74A31F366B5B002F5ABD /* Products */ = {
			isa = PBXGroup;
			children = (
				1F9D74A21F366B5B002F5ABD /* app-swoosh.app */,
			);
			name = Products;
			sourceTree = "<group>";
		};
		1F9D74A41F366B5B002F5ABD /* app-swoosh */ = {
			isa = PBXGroup;
			children = (
				1F9D74BA1F3A4BEA002F5ABD /* Model */,
				1F9D74BB1F3A4BEF002F5ABD /* Controller */,
				1F9D74B71F366E94002F5ABD /* View */,
				1F9D74A51F366B5B002F5ABD /* AppDelegate.swift */,
				1F9D74A91F366B5B002F5ABD /* Main.storyboard */,
				1F9D74AC1F366B5B002F5ABD /* Assets.xcassets */,
				1F9D74AE1F366B5B002F5ABD /* LaunchScreen.storyboard */,
				1F9D74B11F366B5B002F5ABD /* Info.plist */,
			);
			path = "app-swoosh";
			sourceTree = "<group>";
		};
		1F9D74B71F366E94002F5ABD /* View */ = {
			isa = PBXGroup;
			children = (
				1F9D74B81F366EDF002F5ABD /* BorderButton.swift */,
			);
			name = View;
			sourceTree = "<group>";
		};
		1F9D74BA1F3A4BEA002F5ABD /* Model */ = {
			isa = PBXGroup;
			children = (
			);
			name = Model;
			sourceTree = "<group>";
		};
		1F9D74BB1F3A4BEF002F5ABD /* Controller */ = {
			isa = PBXGroup;
			children = (
				1F9D74A71F366B5B002F5ABD /* WelcomeVC.swift */,
				1F9D74BC1F3A4D71002F5ABD /* LeagueVC.swift */,
				1F9D74BE1F3A4D84002F5ABD /* SkillVC.swift */,
			);
			name = Controller;
			sourceTree = "<group>";
		};
/* End PBXGroup section */

/* Begin PBXNativeTarget section */
		1F9D74A11F366B5B002F5ABD /* app-swoosh */ = {
			isa = PBXNativeTarget;
			buildConfigurationList = 1F9D74B41F366B5B002F5ABD /* Build configuration list for PBXNativeTarget "app-swoosh" */;
			buildPhases = (
				1F9D749E1F366B5B002F5ABD /* Sources */,
				1F9D749F1F366B5B002F5ABD /* Frameworks */,
				1F9D74A01F366B5B002F5ABD /* Resources */,
			);
			buildRules = (
			);
			dependencies = (
			);
			name = "app-swoosh";
			productName = "app-swoosh";
			productReference = 1F9D74A21F366B5B002F5ABD /* app-swoosh.app */;
			productType = "com.apple.product-type.application";
		};
/* End PBXNativeTarget section */

/* Begin PBXProject section */
		1F9D749A1F366B5A002F5ABD /* Project object */ = {
			isa = PBXProject;
			attributes = {
				LastSwiftUpdateCheck = 0830;
				LastUpgradeCheck = 0830;
				ORGANIZATIONNAME = "Marcel Duarte";
				TargetAttributes = {
					1F9D74A11F366B5B002F5ABD = {
						CreatedOnToolsVersion = 8.3.3;
						ProvisioningStyle = Automatic;
					};
				};
			};
			buildConfigurationList = 1F9D749D1F366B5A002F5ABD /* Build configuration list for PBXProject "app-swoosh" */;
			compatibilityVersion = "Xcode 3.2";
			developmentRegion = English;
			hasScannedForEncodings = 0;
			knownRegions = (
				en,
				Base,
			);
			mainGroup = 1F9D74991F366B5A002F5ABD;
			productRefGroup = 1F9D74A31F366B5B002F5ABD /* Products */;
			projectDirPath = "";
			projectRoot = "";
			targets = (
				1F9D74A11F366B5B002F5ABD /* app-swoosh */,
			);
		};
/* End PBXProject section */

/* Begin PBXResourcesBuildPhase section */
		1F9D74A01F366B5B002F5ABD /* Resources */ = {
			isa = PBXResourcesBuildPhase;
			buildActionMask = 2147483647;
			files = (
				1F9D74B01F366B5B002F5ABD /* LaunchScreen.storyboard in Resources */,
				1F9D74AD1F366B5B002F5ABD /* Assets.xcassets in Resources */,
				1F9D74AB1F366B5B002F5ABD /* Main.storyboard in Resources */,
			);
			runOnlyForDeploymentPostprocessing = 0;
		};
/* End PBXResourcesBuildPhase section */

/* Begin PBXSourcesBuildPhase section */
		1F9D749E1F366B5B002F5ABD /* Sources */ = {
			isa = PBXSourcesBuildPhase;
			buildActionMask = 2147483647;
			files = (
				1F9D74A81F366B5B002F5ABD /* WelcomeVC.swift in Sources */,
				1F9D74BD1F3A4D71002F5ABD /* LeagueVC.swift in Sources */,
				1F9D74A61F366B5B002F5ABD /* AppDelegate.swift in Sources */,
				1F9D74BF1F3A4D84002F5ABD /* SkillVC.swift in Sources */,
				1F9D74B91F366EDF002F5ABD /* BorderButton.swift in Sources */,
			);
			runOnlyForDeploymentPostprocessing = 0;
		};
/* End PBXSourcesBuildPhase section */

/* Begin PBXVariantGroup section */
		1F9D74A91F366B5B002F5ABD /* Main.storyboard */ = {
			isa = PBXVariantGroup;
			children = (
				1F9D74AA1F366B5B002F5ABD /* Base */,
			);
			name = Main.storyboard;
			sourceTree = "<group>";
		};
		1F9D74AE1F366B5B002F5ABD /* LaunchScreen.storyboard */ = {
			isa = PBXVariantGroup;
			children = (
				1F9D74AF1F366B5B002F5ABD /* Base */,
			);
			name = LaunchScreen.storyboard;
			sourceTree = "<group>";
		};
/* End PBXVariantGroup section */

/* Begin XCBuildConfiguration section */
		1F9D74B21F366B5B002F5ABD /* Debug */ = {
			isa = XCBuildConfiguration;
			buildSettings = {
				ALWAYS_SEARCH_USER_PATHS = NO;
				CLANG_ANALYZER_NONNULL = YES;
				CLANG_ANALYZER_NUMBER_OBJECT_CONVERSION = YES_AGGRESSIVE;
				CLANG_CXX_LANGUAGE_STANDARD = "gnu++0x";
				CLANG_CXX_LIBRARY = "libc++";
				CLANG_ENABLE_MODULES = YES;
				CLANG_ENABLE_OBJC_ARC = YES;
				CLANG_WARN_BOOL_CONVERSION = YES;
				CLANG_WARN_CONSTANT_CONVERSION = YES;
				CLANG_WARN_DIRECT_OBJC_ISA_USAGE = YES_ERROR;
				CLANG_WARN_DOCUMENTATION_COMMENTS = YES;
				CLANG_WARN_EMPTY_BODY = YES;
				CLANG_WARN_ENUM_CONVERSION = YES;
				CLANG_WARN_INFINITE_RECURSION = YES;
				CLANG_WARN_INT_CONVERSION = YES;
				CLANG_WARN_OBJC_ROOT_CLASS = YES_ERROR;
				CLANG_WARN_SUSPICIOUS_MOVE = YES;
				CLANG_WARN_UNREACHABLE_CODE = YES;
				CLANG_WARN__DUPLICATE_METHOD_MATCH = YES;
				"CODE_SIGN_IDENTITY[sdk=iphoneos*]" = "iPhone Developer";
				COPY_PHASE_STRIP = NO;
				DEBUG_INFORMATION_FORMAT = dwarf;
				ENABLE_STRICT_OBJC_MSGSEND = YES;
				ENABLE_TESTABILITY = YES;
				GCC_C_LANGUAGE_STANDARD = gnu99;
				GCC_DYNAMIC_NO_PIC = NO;
				GCC_NO_COMMON_BLOCKS = YES;
				GCC_OPTIMIZATION_LEVEL = 0;
				GCC_PREPROCESSOR_DEFINITIONS = (
					"DEBUG=1",
					"$(inherited)",
				);
				GCC_WARN_64_TO_32_BIT_CONVERSION = YES;
				GCC_WARN_ABOUT_RETURN_TYPE = YES_ERROR;
				GCC_WARN_UNDECLARED_SELECTOR = YES;
				GCC_WARN_UNINITIALIZED_AUTOS = YES_AGGRESSIVE;
				GCC_WARN_UNUSED_FUNCTION = YES;
				GCC_WARN_UNUSED_VARIABLE = YES;
				IPHONEOS_DEPLOYMENT_TARGET = 10.3;
				MTL_ENABLE_DEBUG_INFO = YES;
				ONLY_ACTIVE_ARCH = YES;
				SDKROOT = iphoneos;
				SWIFT_ACTIVE_COMPILATION_CONDITIONS = DEBUG;
				SWIFT_OPTIMIZATION_LEVEL = "-Onone";
				TARGETED_DEVICE_FAMILY = "1,2";
			};
			name = Debug;
		};
		1F9D74B31F366B5B002F5ABD /* Release */ = {
			isa = XCBuildConfiguration;
			buildSettings = {
				ALWAYS_SEARCH_USER_PATHS = NO;
				CLANG_ANALYZER_NONNULL = YES;
				CLANG_ANALYZER_NUMBER_OBJECT_CONVERSION = YES_AGGRESSIVE;
				CLANG_CXX_LANGUAGE_STANDARD = "gnu++0x";
				CLANG_CXX_LIBRARY = "libc++";
				CLANG_ENABLE_MODULES = YES;
				CLANG_ENABLE_OBJC_ARC = YES;
				CLANG_WARN_BOOL_CONVERSION = YES;
				CLANG_WARN_CONSTANT_CONVERSION = YES;
				CLANG_WARN_DIRECT_OBJC_ISA_USAGE = YES_ERROR;
				CLANG_WARN_DOCUMENTATION_COMMENTS = YES;
				CLANG_WARN_EMPTY_BODY = YES;
				CLANG_WARN_ENUM_CONVERSION = YES;
				CLANG_WARN_INFINITE_RECURSION = YES;
				CLANG_WARN_INT_CONVERSION = YES;
				CLANG_WARN_OBJC_ROOT_CLASS = YES_ERROR;
				CLANG_WARN_SUSPICIOUS_MOVE = YES;
				CLANG_WARN_UNREACHABLE_CODE = YES;
				CLANG_WARN__DUPLICATE_METHOD_MATCH = YES;
				"CODE_SIGN_IDENTITY[sdk=iphoneos*]" = "iPhone Developer";
				COPY_PHASE_STRIP = NO;
				DEBUG_INFORMATION_FORMAT = "dwarf-with-dsym";
				ENABLE_NS_ASSERTIONS = NO;
				ENABLE_STRICT_OBJC_MSGSEND = YES;
				GCC_C_LANGUAGE_STANDARD = gnu99;
				GCC_NO_COMMON_BLOCKS = YES;
				GCC_WARN_64_TO_32_BIT_CONVERSION = YES;
				GCC_WARN_ABOUT_RETURN_TYPE = YES_ERROR;
				GCC_WARN_UNDECLARED_SELECTOR = YES;
				GCC_WARN_UNINITIALIZED_AUTOS = YES_AGGRESSIVE;
				GCC_WARN_UNUSED_FUNCTION = YES;
				GCC_WARN_UNUSED_VARIABLE = YES;
				IPHONEOS_DEPLOYMENT_TARGET = 10.3;
				MTL_ENABLE_DEBUG_INFO = NO;
				SDKROOT = iphoneos;
				SWIFT_OPTIMIZATION_LEVEL = "-Owholemodule";
				TARGETED_DEVICE_FAMILY = "1,2";
				VALIDATE_PRODUCT = YES;
			};
			name = Release;
		};
		1F9D74B51F366B5B002F5ABD /* Debug */ = {
			isa = XCBuildConfiguration;
			buildSettings = {
				ASSETCATALOG_COMPILER_APPICON_NAME = AppIcon;
				INFOPLIST_FILE = "app-swoosh/Info.plist";
				LD_RUNPATH_SEARCH_PATHS = "$(inherited) @executable_path/Frameworks";
				PRODUCT_BUNDLE_IDENTIFIER = "com.marcelduarte.app-swoosh";
				PRODUCT_NAME = "$(TARGET_NAME)";
				SWIFT_VERSION = 3.0;
			};
			name = Debug;
		};
		1F9D74B61F366B5B002F5ABD /* Release */ = {
			isa = XCBuildConfiguration;
			buildSettings = {
				ASSETCATALOG_COMPILER_APPICON_NAME = AppIcon;
				INFOPLIST_FILE = "app-swoosh/Info.plist";
				LD_RUNPATH_SEARCH_PATHS = "$(inherited) @executable_path/Frameworks";
				PRODUCT_BUNDLE_IDENTIFIER = "com.marcelduarte.app-swoosh";
				PRODUCT_NAME = "$(TARGET_NAME)";
				SWIFT_VERSION = 3.0;
			};
			name = Release;
		};
/* End XCBuildConfiguration section */

/* Begin XCConfigurationList section */
		1F9D749D1F366B5A002F5ABD /* Build configuration list for PBXProject "app-swoosh" */ = {
			isa = XCConfigurationList;
			buildConfigurations = (
				1F9D74B21F366B5B002F5ABD /* Debug */,
				1F9D74B31F366B5B002F5ABD /* Release */,
			);
			defaultConfigurationIsVisible = 0;
			defaultConfigurationName = Release;
		};
		1F9D74B41F366B5B002F5ABD /* Build configuration list for PBXNativeTarget "app-swoosh" */ = {
			isa = XCConfigurationList;
			buildConfigurations = (
				1F9D74B51F366B5B002F5ABD /* Debug */,
				1F9D74B61F366B5B002F5ABD /* Release */,
			);
			defaultConfigurationIsVisible = 0;
			defaultConfigurationName = Release;
		};
/* End XCConfigurationList section */
	};
	rootObject = 1F9D749A1F366B5A002F5ABD /* Project object */;
}
